// !$*UTF8*$!
{
	archiveVersion = 1;
	classes = {
	};
	objectVersion = 50;
	objects = {

/* Begin PBXBuildFile section */
		053FA9722238005600A5AAAD /* AppDelegate.swift in Sources */ = {isa = PBXBuildFile; fileRef = 053FA9712238005600A5AAAD /* AppDelegate.swift */; };
		053FA9742238005600A5AAAD /* ViewController.swift in Sources */ = {isa = PBXBuildFile; fileRef = 053FA9732238005600A5AAAD /* ViewController.swift */; };
		053FA9772238005600A5AAAD /* Main.storyboard in Resources */ = {isa = PBXBuildFile; fileRef = 053FA9752238005600A5AAAD /* Main.storyboard */; };
		053FA9792238005700A5AAAD /* Assets.xcassets in Resources */ = {isa = PBXBuildFile; fileRef = 053FA9782238005700A5AAAD /* Assets.xcassets */; };
		053FA97C2238005700A5AAAD /* LaunchScreen.storyboard in Resources */ = {isa = PBXBuildFile; fileRef = 053FA97A2238005700A5AAAD /* LaunchScreen.storyboard */; };
		053FA986223805DB00A5AAAD /* KelimeEkleView.swift in Sources */ = {isa = PBXBuildFile; fileRef = 053FA985223805DB00A5AAAD /* KelimeEkleView.swift */; };
		053FA98822380A9700A5AAAD /* TestEtView.swift in Sources */ = {isa = PBXBuildFile; fileRef = 053FA98722380A9700A5AAAD /* TestEtView.swift */; };
		053FA98A2238211A00A5AAAD /* TestYapStartView.swift in Sources */ = {isa = PBXBuildFile; fileRef = 053FA9892238211A00A5AAAD /* TestYapStartView.swift */; };
		05B07AD4223A769D00F19EC9 /* DataBase.swift in Sources */ = {isa = PBXBuildFile; fileRef = 05B07AD3223A769D00F19EC9 /* DataBase.swift */; };
		05B07AD6223AA4D400F19EC9 /* Liste.swift in Sources */ = {isa = PBXBuildFile; fileRef = 05B07AD5223AA4D400F19EC9 /* Liste.swift */; };
		05C540A122383C3B009E0696 /* SQLite.framework in Frameworks */ = {isa = PBXBuildFile; fileRef = 05C5409222383BDE009E0696 /* SQLite.framework */; };
		05C540A222383C3B009E0696 /* SQLite.framework in Embed Frameworks */ = {isa = PBXBuildFile; fileRef = 05C5409222383BDE009E0696 /* SQLite.framework */; settings = {ATTRIBUTES = (CodeSignOnCopy, RemoveHeadersOnCopy, ); }; };
		05CD80B422849E2800C176C1 /* cooltext323351200125693.png in Resources */ = {isa = PBXBuildFile; fileRef = 05CD80AA22849E2600C176C1 /* cooltext323351200125693.png */; };
		05CD80B522849E2800C176C1 /* cooltext323353233102799.png in Resources */ = {isa = PBXBuildFile; fileRef = 05CD80B122849E2600C176C1 /* cooltext323353233102799.png */; };
		05CD80B622849E2800C176C1 /* cooltext323351650899739.png in Resources */ = {isa = PBXBuildFile; fileRef = 05CD80B222849E2700C176C1 /* cooltext323351650899739.png */; };
		05CD80BC22849E6F00C176C1 /* iOS-stock-6-for-iPhone-X.png in Resources */ = {isa = PBXBuildFile; fileRef = 05CD80B822849E6E00C176C1 /* iOS-stock-6-for-iPhone-X.png */; };
		05CD80BE22849E6F00C176C1 /* Cartoonish-Apple-iPhone-X-Wallpaper.jpg in Resources */ = {isa = PBXBuildFile; fileRef = 05CD80BA22849E6E00C176C1 /* Cartoonish-Apple-iPhone-X-Wallpaper.jpg */; };
		05CD80C12284A4D500C176C1 /* IstatistikView.swift in Sources */ = {isa = PBXBuildFile; fileRef = 05CD80C02284A4D500C176C1 /* IstatistikView.swift */; };
/* End PBXBuildFile section */

/* Begin PBXContainerItemProxy section */
		05C5409122383BDE009E0696 /* PBXContainerItemProxy */ = {
			isa = PBXContainerItemProxy;
			containerPortal = 05C5408722383BDE009E0696 /* SQLite.xcodeproj */;
			proxyType = 2;
			remoteGlobalIDString = EE247AD31C3F04ED00AE3E12;
			remoteInfo = "SQLite iOS";
		};
		05C5409322383BDE009E0696 /* PBXContainerItemProxy */ = {
			isa = PBXContainerItemProxy;
			containerPortal = 05C5408722383BDE009E0696 /* SQLite.xcodeproj */;
			proxyType = 2;
			remoteGlobalIDString = EE247ADD1C3F04ED00AE3E12;
			remoteInfo = "SQLiteTests iOS";
		};
		05C5409522383BDE009E0696 /* PBXContainerItemProxy */ = {
			isa = PBXContainerItemProxy;
			containerPortal = 05C5408722383BDE009E0696 /* SQLite.xcodeproj */;
			proxyType = 2;
			remoteGlobalIDString = EE247B3C1C3F3ED000AE3E12;
			remoteInfo = "SQLite Mac";
		};
		05C5409722383BDE009E0696 /* PBXContainerItemProxy */ = {
			isa = PBXContainerItemProxy;
			containerPortal = 05C5408722383BDE009E0696 /* SQLite.xcodeproj */;
			proxyType = 2;
			remoteGlobalIDString = EE247B451C3F3ED000AE3E12;
			remoteInfo = "SQLiteTests Mac";
		};
		05C5409922383BDE009E0696 /* PBXContainerItemProxy */ = {
			isa = PBXContainerItemProxy;
			containerPortal = 05C5408722383BDE009E0696 /* SQLite.xcodeproj */;
			proxyType = 2;
			remoteGlobalIDString = 03A65E5A1C6BB0F50062603F;
			remoteInfo = "SQLite tvOS";
		};
		05C5409B22383BDE009E0696 /* PBXContainerItemProxy */ = {
			isa = PBXContainerItemProxy;
			containerPortal = 05C5408722383BDE009E0696 /* SQLite.xcodeproj */;
			proxyType = 2;
			remoteGlobalIDString = 03A65E631C6BB0F60062603F;
			remoteInfo = "SQLiteTests tvOS";
		};
		05C5409D22383BDE009E0696 /* PBXContainerItemProxy */ = {
			isa = PBXContainerItemProxy;
			containerPortal = 05C5408722383BDE009E0696 /* SQLite.xcodeproj */;
			proxyType = 2;
			remoteGlobalIDString = A121AC451CA35C79005A31D1;
			remoteInfo = "SQLite watchOS";
		};
		05C540A322383C3B009E0696 /* PBXContainerItemProxy */ = {
			isa = PBXContainerItemProxy;
			containerPortal = 05C5408722383BDE009E0696 /* SQLite.xcodeproj */;
			proxyType = 1;
			remoteGlobalIDString = EE247AD21C3F04ED00AE3E12;
			remoteInfo = "SQLite iOS";
		};
/* End PBXContainerItemProxy section */

/* Begin PBXCopyFilesBuildPhase section */
		05C540A522383C3B009E0696 /* Embed Frameworks */ = {
			isa = PBXCopyFilesBuildPhase;
			buildActionMask = 2147483647;
			dstPath = "";
			dstSubfolderSpec = 10;
			files = (
				05C540A222383C3B009E0696 /* SQLite.framework in Embed Frameworks */,
			);
			name = "Embed Frameworks";
			runOnlyForDeploymentPostprocessing = 0;
		};
/* End PBXCopyFilesBuildPhase section */

/* Begin PBXFileReference section */
		053FA96E2238005600A5AAAD /* LearningGame_v0.app */ = {isa = PBXFileReference; explicitFileType = wrapper.application; includeInIndex = 0; path = LearningGame_v0.app; sourceTree = BUILT_PRODUCTS_DIR; };
		053FA9712238005600A5AAAD /* AppDelegate.swift */ = {isa = PBXFileReference; lastKnownFileType = sourcecode.swift; path = AppDelegate.swift; sourceTree = "<group>"; };
		053FA9732238005600A5AAAD /* ViewController.swift */ = {isa = PBXFileReference; lastKnownFileType = sourcecode.swift; path = ViewController.swift; sourceTree = "<group>"; };
		053FA9762238005600A5AAAD /* Base */ = {isa = PBXFileReference; lastKnownFileType = file.storyboard; name = Base; path = Base.lproj/Main.storyboard; sourceTree = "<group>"; };
		053FA9782238005700A5AAAD /* Assets.xcassets */ = {isa = PBXFileReference; lastKnownFileType = folder.assetcatalog; path = Assets.xcassets; sourceTree = "<group>"; };
		053FA97B2238005700A5AAAD /* Base */ = {isa = PBXFileReference; lastKnownFileType = file.storyboard; name = Base; path = Base.lproj/LaunchScreen.storyboard; sourceTree = "<group>"; };
		053FA97D2238005700A5AAAD /* Info.plist */ = {isa = PBXFileReference; lastKnownFileType = text.plist.xml; path = Info.plist; sourceTree = "<group>"; };
		053FA985223805DB00A5AAAD /* KelimeEkleView.swift */ = {isa = PBXFileReference; lastKnownFileType = sourcecode.swift; path = KelimeEkleView.swift; sourceTree = "<group>"; };
		053FA98722380A9700A5AAAD /* TestEtView.swift */ = {isa = PBXFileReference; lastKnownFileType = sourcecode.swift; path = TestEtView.swift; sourceTree = "<group>"; };
		053FA9892238211A00A5AAAD /* TestYapStartView.swift */ = {isa = PBXFileReference; lastKnownFileType = sourcecode.swift; path = TestYapStartView.swift; sourceTree = "<group>"; };
		05B07AD3223A769D00F19EC9 /* DataBase.swift */ = {isa = PBXFileReference; lastKnownFileType = sourcecode.swift; path = DataBase.swift; sourceTree = "<group>"; };
		05B07AD5223AA4D400F19EC9 /* Liste.swift */ = {isa = PBXFileReference; lastKnownFileType = sourcecode.swift; path = Liste.swift; sourceTree = "<group>"; };
		05C5408722383BDE009E0696 /* SQLite.xcodeproj */ = {isa = PBXFileReference; lastKnownFileType = "wrapper.pb-project"; name = SQLite.xcodeproj; path = "../../../../Desktop/SQLite.swift-master/SQLite.xcodeproj"; sourceTree = "<group>"; };
		05CD80AA22849E2600C176C1 /* cooltext323351200125693.png */ = {isa = PBXFileReference; lastKnownFileType = image.png; path = cooltext323351200125693.png; sourceTree = SOURCE_ROOT; };
		05CD80B122849E2600C176C1 /* cooltext323353233102799.png */ = {isa = PBXFileReference; lastKnownFileType = image.png; path = cooltext323353233102799.png; sourceTree = SOURCE_ROOT; };
		05CD80B222849E2700C176C1 /* cooltext323351650899739.png */ = {isa = PBXFileReference; lastKnownFileType = image.png; path = cooltext323351650899739.png; sourceTree = SOURCE_ROOT; };
		05CD80B822849E6E00C176C1 /* iOS-stock-6-for-iPhone-X.png */ = {isa = PBXFileReference; lastKnownFileType = image.png; name = "iOS-stock-6-for-iPhone-X.png"; path = "../../../../.Trash/iOS-stock-6-for-iPhone-X.png"; sourceTree = "<group>"; };
		05CD80BA22849E6E00C176C1 /* Cartoonish-Apple-iPhone-X-Wallpaper.jpg */ = {isa = PBXFileReference; lastKnownFileType = image.jpeg; name = "Cartoonish-Apple-iPhone-X-Wallpaper.jpg"; path = "../../../../.Trash/Cartoonish-Apple-iPhone-X-Wallpaper.jpg"; sourceTree = "<group>"; };
		05CD80C02284A4D500C176C1 /* IstatistikView.swift */ = {isa = PBXFileReference; lastKnownFileType = sourcecode.swift; path = IstatistikView.swift; sourceTree = "<group>"; };
/* End PBXFileReference section */

/* Begin PBXFrameworksBuildPhase section */
		053FA96B2238005600A5AAAD /* Frameworks */ = {
			isa = PBXFrameworksBuildPhase;
			buildActionMask = 2147483647;
			files = (
				05C540A122383C3B009E0696 /* SQLite.framework in Frameworks */,
			);
			runOnlyForDeploymentPostprocessing = 0;
		};
/* End PBXFrameworksBuildPhase section */

/* Begin PBXGroup section */
		053FA9652238005600A5AAAD = {
			isa = PBXGroup;
			children = (
				053FA9702238005600A5AAAD /* LearningGame_v0 */,
				053FA96F2238005600A5AAAD /* Products */,
				05CD80BA22849E6E00C176C1 /* Cartoonish-Apple-iPhone-X-Wallpaper.jpg */,
				05CD80B822849E6E00C176C1 /* iOS-stock-6-for-iPhone-X.png */,
				05CD80AA22849E2600C176C1 /* cooltext323351200125693.png */,
				05CD80B222849E2700C176C1 /* cooltext323351650899739.png */,
				05CD80B122849E2600C176C1 /* cooltext323353233102799.png */,
				05C5408722383BDE009E0696 /* SQLite.xcodeproj */,
				05C5409F22383C20009E0696 /* Frameworks */,
			);
			sourceTree = "<group>";
		};
		053FA96F2238005600A5AAAD /* Products */ = {
			isa = PBXGroup;
			children = (
				053FA96E2238005600A5AAAD /* LearningGame_v0.app */,
			);
			name = Products;
			sourceTree = "<group>";
		};
		053FA9702238005600A5AAAD /* LearningGame_v0 */ = {
			isa = PBXGroup;
			children = (
				053FA9712238005600A5AAAD /* AppDelegate.swift */,
				053FA9732238005600A5AAAD /* ViewController.swift */,
				053FA98722380A9700A5AAAD /* TestEtView.swift */,
				053FA985223805DB00A5AAAD /* KelimeEkleView.swift */,
				05CD80C02284A4D500C176C1 /* IstatistikView.swift */,
				053FA9892238211A00A5AAAD /* TestYapStartView.swift */,
				05B07AD3223A769D00F19EC9 /* DataBase.swift */,
				05B07AD5223AA4D400F19EC9 /* Liste.swift */,
				053FA9752238005600A5AAAD /* Main.storyboard */,
				053FA9782238005700A5AAAD /* Assets.xcassets */,
				053FA97A2238005700A5AAAD /* LaunchScreen.storyboard */,
				053FA97D2238005700A5AAAD /* Info.plist */,
			);
			path = LearningGame_v0;
			sourceTree = "<group>";
		};
		05C5408822383BDE009E0696 /* Products */ = {
			isa = PBXGroup;
			children = (
				05C5409222383BDE009E0696 /* SQLite.framework */,
				05C5409422383BDE009E0696 /* SQLiteTests iOS.xctest */,
				05C5409622383BDE009E0696 /* SQLite.framework */,
				05C5409822383BDE009E0696 /* SQLiteTests Mac.xctest */,
				05C5409A22383BDE009E0696 /* SQLite.framework */,
				05C5409C22383BDE009E0696 /* SQLiteTests tvOS.xctest */,
				05C5409E22383BDE009E0696 /* SQLite.framework */,
			);
			name = Products;
			sourceTree = "<group>";
		};
		05C5409F22383C20009E0696 /* Frameworks */ = {
			isa = PBXGroup;
			children = (
			);
			name = Frameworks;
			sourceTree = "<group>";
		};
/* End PBXGroup section */

/* Begin PBXNativeTarget section */
		053FA96D2238005600A5AAAD /* LearningGame_v0 */ = {
			isa = PBXNativeTarget;
			buildConfigurationList = 053FA9802238005700A5AAAD /* Build configuration list for PBXNativeTarget "LearningGame_v0" */;
			buildPhases = (
				053FA96A2238005600A5AAAD /* Sources */,
				053FA96B2238005600A5AAAD /* Frameworks */,
				053FA96C2238005600A5AAAD /* Resources */,
				05C540A522383C3B009E0696 /* Embed Frameworks */,
			);
			buildRules = (
			);
			dependencies = (
				05C540A422383C3B009E0696 /* PBXTargetDependency */,
			);
			name = LearningGame_v0;
			productName = LearningGame_v0;
			productReference = 053FA96E2238005600A5AAAD /* LearningGame_v0.app */;
			productType = "com.apple.product-type.application";
		};
/* End PBXNativeTarget section */

/* Begin PBXProject section */
		053FA9662238005600A5AAAD /* Project object */ = {
			isa = PBXProject;
			attributes = {
				LastSwiftUpdateCheck = 1010;
				LastUpgradeCheck = 1010;
				ORGANIZATIONNAME = Alperen;
				TargetAttributes = {
					053FA96D2238005600A5AAAD = {
						CreatedOnToolsVersion = 10.1;
					};
				};
			};
			buildConfigurationList = 053FA9692238005600A5AAAD /* Build configuration list for PBXProject "LearningGame_v0" */;
			compatibilityVersion = "Xcode 9.3";
			developmentRegion = en;
			hasScannedForEncodings = 0;
			knownRegions = (
				en,
				Base,
			);
			mainGroup = 053FA9652238005600A5AAAD;
			productRefGroup = 053FA96F2238005600A5AAAD /* Products */;
			projectDirPath = "";
			projectReferences = (
				{
					ProductGroup = 05C5408822383BDE009E0696 /* Products */;
					ProjectRef = 05C5408722383BDE009E0696 /* SQLite.xcodeproj */;
				},
			);
			projectRoot = "";
			targets = (
				053FA96D2238005600A5AAAD /* LearningGame_v0 */,
			);
		};
/* End PBXProject section */

/* Begin PBXReferenceProxy section */
		05C5409222383BDE009E0696 /* SQLite.framework */ = {
			isa = PBXReferenceProxy;
			fileType = wrapper.framework;
			path = SQLite.framework;
			remoteRef = 05C5409122383BDE009E0696 /* PBXContainerItemProxy */;
			sourceTree = BUILT_PRODUCTS_DIR;
		};
		05C5409422383BDE009E0696 /* SQLiteTests iOS.xctest */ = {
			isa = PBXReferenceProxy;
			fileType = wrapper.cfbundle;
			path = "SQLiteTests iOS.xctest";
			remoteRef = 05C5409322383BDE009E0696 /* PBXContainerItemProxy */;
			sourceTree = BUILT_PRODUCTS_DIR;
		};
		05C5409622383BDE009E0696 /* SQLite.framework */ = {
			isa = PBXReferenceProxy;
			fileType = wrapper.framework;
			path = SQLite.framework;
			remoteRef = 05C5409522383BDE009E0696 /* PBXContainerItemProxy */;
			sourceTree = BUILT_PRODUCTS_DIR;
		};
		05C5409822383BDE009E0696 /* SQLiteTests Mac.xctest */ = {
			isa = PBXReferenceProxy;
			fileType = wrapper.cfbundle;
			path = "SQLiteTests Mac.xctest";
			remoteRef = 05C5409722383BDE009E0696 /* PBXContainerItemProxy */;
			sourceTree = BUILT_PRODUCTS_DIR;
		};
		05C5409A22383BDE009E0696 /* SQLite.framework */ = {
			isa = PBXReferenceProxy;
			fileType = wrapper.framework;
			path = SQLite.framework;
			remoteRef = 05C5409922383BDE009E0696 /* PBXContainerItemProxy */;
			sourceTree = BUILT_PRODUCTS_DIR;
		};
		05C5409C22383BDE009E0696 /* SQLiteTests tvOS.xctest */ = {
			isa = PBXReferenceProxy;
			fileType = wrapper.cfbundle;
			path = "SQLiteTests tvOS.xctest";
			remoteRef = 05C5409B22383BDE009E0696 /* PBXContainerItemProxy */;
			sourceTree = BUILT_PRODUCTS_DIR;
		};
		05C5409E22383BDE009E0696 /* SQLite.framework */ = {
			isa = PBXReferenceProxy;
			fileType = wrapper.framework;
			path = SQLite.framework;
			remoteRef = 05C5409D22383BDE009E0696 /* PBXContainerItemProxy */;
			sourceTree = BUILT_PRODUCTS_DIR;
		};
/* End PBXReferenceProxy section */

/* Begin PBXResourcesBuildPhase section */
		053FA96C2238005600A5AAAD /* Resources */ = {
			isa = PBXResourcesBuildPhase;
			buildActionMask = 2147483647;
			files = (
				053FA97C2238005700A5AAAD /* LaunchScreen.storyboard in Resources */,
				05CD80B622849E2800C176C1 /* cooltext323351650899739.png in Resources */,
				05CD80B522849E2800C176C1 /* cooltext323353233102799.png in Resources */,
				05CD80BE22849E6F00C176C1 /* Cartoonish-Apple-iPhone-X-Wallpaper.jpg in Resources */,
				05CD80B422849E2800C176C1 /* cooltext323351200125693.png in Resources */,
				053FA9792238005700A5AAAD /* Assets.xcassets in Resources */,
				053FA9772238005600A5AAAD /* Main.storyboard in Resources */,
				05CD80BC22849E6F00C176C1 /* iOS-stock-6-for-iPhone-X.png in Resources */,
			);
			runOnlyForDeploymentPostprocessing = 0;
		};
/* End PBXResourcesBuildPhase section */

/* Begin PBXSourcesBuildPhase section */
		053FA96A2238005600A5AAAD /* Sources */ = {
			isa = PBXSourcesBuildPhase;
			buildActionMask = 2147483647;
			files = (
				053FA9742238005600A5AAAD /* ViewController.swift in Sources */,
				053FA9722238005600A5AAAD /* AppDelegate.swift in Sources */,
				053FA98A2238211A00A5AAAD /* TestYapStartView.swift in Sources */,
				05CD80C12284A4D500C176C1 /* IstatistikView.swift in Sources */,
				05B07AD6223AA4D400F19EC9 /* Liste.swift in Sources */,
				053FA986223805DB00A5AAAD /* KelimeEkleView.swift in Sources */,
				05B07AD4223A769D00F19EC9 /* DataBase.swift in Sources */,
				053FA98822380A9700A5AAAD /* TestEtView.swift in Sources */,
			);
			runOnlyForDeploymentPostprocessing = 0;
		};
/* End PBXSourcesBuildPhase section */

/* Begin PBXTargetDependency section */
		05C540A422383C3B009E0696 /* PBXTargetDependency */ = {
			isa = PBXTargetDependency;
			name = "SQLite iOS";
			targetProxy = 05C540A322383C3B009E0696 /* PBXContainerItemProxy */;
		};
/* End PBXTargetDependency section */

/* Begin PBXVariantGroup section */
		053FA9752238005600A5AAAD /* Main.storyboard */ = {
			isa = PBXVariantGroup;
			children = (
				053FA9762238005600A5AAAD /* Base */,
			);
			name = Main.storyboard;
			sourceTree = "<group>";
		};
		053FA97A2238005700A5AAAD /* LaunchScreen.storyboard */ = {
			isa = PBXVariantGroup;
			children = (
				053FA97B2238005700A5AAAD /* Base */,
			);
			name = LaunchScreen.storyboard;
			sourceTree = "<group>";
		};
/* End PBXVariantGroup section */

/* Begin XCBuildConfiguration section */
		053FA97E2238005700A5AAAD /* Debug */ = {
			isa = XCBuildConfiguration;
			buildSettings = {
				ALWAYS_SEARCH_USER_PATHS = NO;
				CLANG_ANALYZER_NONNULL = YES;
				CLANG_ANALYZER_NUMBER_OBJECT_CONVERSION = YES_AGGRESSIVE;
				CLANG_CXX_LANGUAGE_STANDARD = "gnu++14";
				CLANG_CXX_LIBRARY = "libc++";
				CLANG_ENABLE_MODULES = YES;
				CLANG_ENABLE_OBJC_ARC = YES;
				CLANG_ENABLE_OBJC_WEAK = YES;
				CLANG_WARN_BLOCK_CAPTURE_AUTORELEASING = YES;
				CLANG_WARN_BOOL_CONVERSION = YES;
				CLANG_WARN_COMMA = YES;
				CLANG_WARN_CONSTANT_CONVERSION = YES;
				CLANG_WARN_DEPRECATED_OBJC_IMPLEMENTATIONS = YES;
				CLANG_WARN_DIRECT_OBJC_ISA_USAGE = YES_ERROR;
				CLANG_WARN_DOCUMENTATION_COMMENTS = YES;
				CLANG_WARN_EMPTY_BODY = YES;
				CLANG_WARN_ENUM_CONVERSION = YES;
				CLANG_WARN_INFINITE_RECURSION = YES;
				CLANG_WARN_INT_CONVERSION = YES;
				CLANG_WARN_NON_LITERAL_NULL_CONVERSION = YES;
				CLANG_WARN_OBJC_IMPLICIT_RETAIN_SELF = YES;
				CLANG_WARN_OBJC_LITERAL_CONVERSION = YES;
				CLANG_WARN_OBJC_ROOT_CLASS = YES_ERROR;
				CLANG_WARN_RANGE_LOOP_ANALYSIS = YES;
				CLANG_WARN_STRICT_PROTOTYPES = YES;
				CLANG_WARN_SUSPICIOUS_MOVE = YES;
				CLANG_WARN_UNGUARDED_AVAILABILITY = YES_AGGRESSIVE;
				CLANG_WARN_UNREACHABLE_CODE = YES;
				CLANG_WARN__DUPLICATE_METHOD_MATCH = YES;
				CODE_SIGN_IDENTITY = "iPhone Developer";
				COPY_PHASE_STRIP = NO;
				DEBUG_INFORMATION_FORMAT = dwarf;
				ENABLE_STRICT_OBJC_MSGSEND = YES;
				ENABLE_TESTABILITY = YES;
				GCC_C_LANGUAGE_STANDARD = gnu11;
				GCC_DYNAMIC_NO_PIC = NO;
				GCC_NO_COMMON_BLOCKS = YES;
				GCC_OPTIMIZATION_LEVEL = 0;
				GCC_PREPROCESSOR_DEFINITIONS = (
					"DEBUG=1",
					"$(inherited)",
				);
				GCC_WARN_64_TO_32_BIT_CONVERSION = YES;
				GCC_WARN_ABOUT_RETURN_TYPE = YES_ERROR;
				GCC_WARN_UNDECLARED_SELECTOR = YES;
				GCC_WARN_UNINITIALIZED_AUTOS = YES_AGGRESSIVE;
				GCC_WARN_UNUSED_FUNCTION = YES;
				GCC_WARN_UNUSED_VARIABLE = YES;
				IPHONEOS_DEPLOYMENT_TARGET = 12.1;
				MTL_ENABLE_DEBUG_INFO = INCLUDE_SOURCE;
				MTL_FAST_MATH = YES;
				ONLY_ACTIVE_ARCH = YES;
				SDKROOT = iphoneos;
				SWIFT_ACTIVE_COMPILATION_CONDITIONS = DEBUG;
				SWIFT_OPTIMIZATION_LEVEL = "-Onone";
			};
			name = Debug;
		};
		053FA97F2238005700A5AAAD /* Release */ = {
			isa = XCBuildConfiguration;
			buildSettings = {
				ALWAYS_SEARCH_USER_PATHS = NO;
				CLANG_ANALYZER_NONNULL = YES;
				CLANG_ANALYZER_NUMBER_OBJECT_CONVERSION = YES_AGGRESSIVE;
				CLANG_CXX_LANGUAGE_STANDARD = "gnu++14";
				CLANG_CXX_LIBRARY = "libc++";
				CLANG_ENABLE_MODULES = YES;
				CLANG_ENABLE_OBJC_ARC = YES;
				CLANG_ENABLE_OBJC_WEAK = YES;
				CLANG_WARN_BLOCK_CAPTURE_AUTORELEASING = YES;
				CLANG_WARN_BOOL_CONVERSION = YES;
				CLANG_WARN_COMMA = YES;
				CLANG_WARN_CONSTANT_CONVERSION = YES;
				CLANG_WARN_DEPRECATED_OBJC_IMPLEMENTATIONS = YES;
				CLANG_WARN_DIRECT_OBJC_ISA_USAGE = YES_ERROR;
				CLANG_WARN_DOCUMENTATION_COMMENTS = YES;
				CLANG_WARN_EMPTY_BODY = YES;
				CLANG_WARN_ENUM_CONVERSION = YES;
				CLANG_WARN_INFINITE_RECURSION = YES;
				CLANG_WARN_INT_CONVERSION = YES;
				CLANG_WARN_NON_LITERAL_NULL_CONVERSION = YES;
				CLANG_WARN_OBJC_IMPLICIT_RETAIN_SELF = YES;
				CLANG_WARN_OBJC_LITERAL_CONVERSION = YES;
				CLANG_WARN_OBJC_ROOT_CLASS = YES_ERROR;
				CLANG_WARN_RANGE_LOOP_ANALYSIS = YES;
				CLANG_WARN_STRICT_PROTOTYPES = YES;
				CLANG_WARN_SUSPICIOUS_MOVE = YES;
				CLANG_WARN_UNGUARDED_AVAILABILITY = YES_AGGRESSIVE;
				CLANG_WARN_UNREACHABLE_CODE = YES;
				CLANG_WARN__DUPLICATE_METHOD_MATCH = YES;
				CODE_SIGN_IDENTITY = "iPhone Developer";
				COPY_PHASE_STRIP = NO;
				DEBUG_INFORMATION_FORMAT = "dwarf-with-dsym";
				ENABLE_NS_ASSERTIONS = NO;
				ENABLE_STRICT_OBJC_MSGSEND = YES;
				GCC_C_LANGUAGE_STANDARD = gnu11;
				GCC_NO_COMMON_BLOCKS = YES;
				GCC_WARN_64_TO_32_BIT_CONVERSION = YES;
				GCC_WARN_ABOUT_RETURN_TYPE = YES_ERROR;
				GCC_WARN_UNDECLARED_SELECTOR = YES;
				GCC_WARN_UNINITIALIZED_AUTOS = YES_AGGRESSIVE;
				GCC_WARN_UNUSED_FUNCTION = YES;
				GCC_WARN_UNUSED_VARIABLE = YES;
				IPHONEOS_DEPLOYMENT_TARGET = 12.1;
				MTL_ENABLE_DEBUG_INFO = NO;
				MTL_FAST_MATH = YES;
				SDKROOT = iphoneos;
				SWIFT_COMPILATION_MODE = wholemodule;
				SWIFT_OPTIMIZATION_LEVEL = "-O";
				VALIDATE_PRODUCT = YES;
			};
			name = Release;
		};
		053FA9812238005700A5AAAD /* Debug */ = {
			isa = XCBuildConfiguration;
			buildSettings = {
				ALWAYS_EMBED_SWIFT_STANDARD_LIBRARIES = YES;
				ASSETCATALOG_COMPILER_APPICON_NAME = AppIcon;
				CODE_SIGN_STYLE = Automatic;
				INFOPLIST_FILE = LearningGame_v0/Info.plist;
				LD_RUNPATH_SEARCH_PATHS = (
					"$(inherited)",
					"@executable_path/Frameworks",
				);
				PRODUCT_BUNDLE_IDENTIFIER = "com.Acorp.LearningGame-v0";
				PRODUCT_NAME = "$(TARGET_NAME)";
				SWIFT_VERSION = 4.2;
				TARGETED_DEVICE_FAMILY = "1,2";
			};
			name = Debug;
		};
		053FA9822238005700A5AAAD /* Release */ = {
			isa = XCBuildConfiguration;
			buildSettings = {
				ALWAYS_EMBED_SWIFT_STANDARD_LIBRARIES = YES;
				ASSETCATALOG_COMPILER_APPICON_NAME = AppIcon;
				CODE_SIGN_STYLE = Automatic;
				INFOPLIST_FILE = LearningGame_v0/Info.plist;
				LD_RUNPATH_SEARCH_PATHS = (
					"$(inherited)",
					"@executable_path/Frameworks",
				);
				PRODUCT_BUNDLE_IDENTIFIER = "com.Acorp.LearningGame-v0";
				PRODUCT_NAME = "$(TARGET_NAME)";
				SWIFT_VERSION = 4.2;
				TARGETED_DEVICE_FAMILY = "1,2";
			};
			name = Release;
		};
/* End XCBuildConfiguration section */

/* Begin XCConfigurationList section */
		053FA9692238005600A5AAAD /* Build configuration list for PBXProject "LearningGame_v0" */ = {
			isa = XCConfigurationList;
			buildConfigurations = (
				053FA97E2238005700A5AAAD /* Debug */,
				053FA97F2238005700A5AAAD /* Release */,
			);
			defaultConfigurationIsVisible = 0;
			defaultConfigurationName = Release;
		};
		053FA9802238005700A5AAAD /* Build configuration list for PBXNativeTarget "LearningGame_v0" */ = {
			isa = XCConfigurationList;
			buildConfigurations = (
				053FA9812238005700A5AAAD /* Debug */,
				053FA9822238005700A5AAAD /* Release */,
			);
			defaultConfigurationIsVisible = 0;
			defaultConfigurationName = Release;
		};
/* End XCConfigurationList section */
	};
	rootObject = 053FA9662238005600A5AAAD /* Project object */;
}
